
Microsoft Visual Studio Solution File, Format Version 12.00
# Visual Studio Version 17
VisualStudioVersion = 17.10.34928.147
MinimumVisualStudioVersion = 10.0.40219.1
Project("{9A19103F-16F7-4668-BE54-9A1E7A4F7556}") = "GenericCacheExcercise", "GenericCacheExcercise.csproj", "{BD9B9AFD-1B3F-472B-A19D-C854E86313A0}"
EndProject
Global
	GlobalSection(SolutionConfigurationPlatforms) = preSolution
		Debug|Any CPU = Debug|Any CPU
		Release|Any CPU = Release|Any CPU
	EndGlobalSection
	GlobalSection(ProjectConfigurationPlatforms) = postSolution
		{BD9B9AFD-1B3F-472B-A19D-C854E86313A0}.Debug|Any CPU.ActiveCfg = Debug|Any CPU
		{BD9B9AFD-1B3F-472B-A19D-C854E86313A0}.Debug|Any CPU.Build.0 = Debug|Any CPU
		{BD9B9AFD-1B3F-472B-A19D-C854E86313A0}.Release|Any CPU.ActiveCfg = Release|Any CPU
		{BD9B9AFD-1B3F-472B-A19D-C854E86313A0}.Release|Any CPU.Build.0 = Release|Any CPU
	EndGlobalSection
	GlobalSection(SolutionProperties) = preSolution
		HideSolutionNode = FALSE
	EndGlobalSection
	GlobalSection(ExtensibilityGlobals) = postSolution
		SolutionGuid = {754C9A82-FF56-4572-BC5A-8987A6D3C67A}
	EndGlobalSection
EndGlobal
